// !$*UTF8*$!
{
	archiveVersion = 1;
	classes = {
	};
	objectVersion = 46;
	objects = {

/* Begin PBXBuildFile section */
		00CB68501BAD1D90008A2D85 /* SharePopupController.m in Sources */ = {isa = PBXBuildFile; fileRef = 00CB684F1BAD1D90008A2D85 /* SharePopupController.m */; };
		00CFB1601BC617F300030DA7 /* CNPPopupController.m in Sources */ = {isa = PBXBuildFile; fileRef = 00CFB1541BC617F300030DA7 /* CNPPopupController.m */; };
		00CFB1611BC617F300030DA7 /* SSPopupController.m in Sources */ = {isa = PBXBuildFile; fileRef = 00CFB1561BC617F300030DA7 /* SSPopupController.m */; };
		00CFB1631BC617F300030DA7 /* SSPopupTitleView.m in Sources */ = {isa = PBXBuildFile; fileRef = 00CFB15B1BC617F300030DA7 /* SSPopupTitleView.m */; };
		00DC241E1BA9473F00A39A73 /* main.m in Sources */ = {isa = PBXBuildFile; fileRef = 00DC241D1BA9473F00A39A73 /* main.m */; };
		00DC24211BA9473F00A39A73 /* AppDelegate.m in Sources */ = {isa = PBXBuildFile; fileRef = 00DC24201BA9473F00A39A73 /* AppDelegate.m */; };
		00DC24241BA9473F00A39A73 /* ViewController.m in Sources */ = {isa = PBXBuildFile; fileRef = 00DC24231BA9473F00A39A73 /* ViewController.m */; };
		00DC24271BA9473F00A39A73 /* Main.storyboard in Resources */ = {isa = PBXBuildFile; fileRef = 00DC24251BA9473F00A39A73 /* Main.storyboard */; };
		00DC24291BA9473F00A39A73 /* Images.xcassets in Resources */ = {isa = PBXBuildFile; fileRef = 00DC24281BA9473F00A39A73 /* Images.xcassets */; };
		00DC242C1BA9473F00A39A73 /* LaunchScreen.xib in Resources */ = {isa = PBXBuildFile; fileRef = 00DC242A1BA9473F00A39A73 /* LaunchScreen.xib */; };
		00DC24381BA9473F00A39A73 /* PopupControllerTests.m in Sources */ = {isa = PBXBuildFile; fileRef = 00DC24371BA9473F00A39A73 /* PopupControllerTests.m */; };
		3EE0CB21FF650F00C78F2913 /* libPods-PopupController.a in Frameworks */ = {isa = PBXBuildFile; fileRef = 2D1804263F4B4DBD852EA358 /* libPods-PopupController.a */; };
/* End PBXBuildFile section */

/* Begin PBXContainerItemProxy section */
		00DC24321BA9473F00A39A73 /* PBXContainerItemProxy */ = {
			isa = PBXContainerItemProxy;
			containerPortal = 00DC24101BA9473F00A39A73 /* Project object */;
			proxyType = 1;
			remoteGlobalIDString = 00DC24171BA9473F00A39A73;
			remoteInfo = PopupController;
		};
/* End PBXContainerItemProxy section */

/* Begin PBXFileReference section */
		00CB684E1BAD1D90008A2D85 /* SharePopupController.h */ = {isa = PBXFileReference; fileEncoding = 4; lastKnownFileType = sourcecode.c.h; path = SharePopupController.h; sourceTree = "<group>"; };
		00CB684F1BAD1D90008A2D85 /* SharePopupController.m */ = {isa = PBXFileReference; fileEncoding = 4; lastKnownFileType = sourcecode.c.objc; path = SharePopupController.m; sourceTree = "<group>"; };
		00CFB1531BC617F300030DA7 /* CNPPopupController.h */ = {isa = PBXFileReference; fileEncoding = 4; lastKnownFileType = sourcecode.c.h; path = CNPPopupController.h; sourceTree = "<group>"; };
		00CFB1541BC617F300030DA7 /* CNPPopupController.m */ = {isa = PBXFileReference; fileEncoding = 4; lastKnownFileType = sourcecode.c.objc; path = CNPPopupController.m; sourceTree = "<group>"; };
		00CFB1551BC617F300030DA7 /* SSPopupController.h */ = {isa = PBXFileReference; fileEncoding = 4; lastKnownFileType = sourcecode.c.h; path = SSPopupController.h; sourceTree = "<group>"; };
		00CFB1561BC617F300030DA7 /* SSPopupController.m */ = {isa = PBXFileReference; fileEncoding = 4; lastKnownFileType = sourcecode.c.objc; path = SSPopupController.m; sourceTree = "<group>"; };
		00CFB15A1BC617F300030DA7 /* SSPopupTitleView.h */ = {isa = PBXFileReference; fileEncoding = 4; lastKnownFileType = sourcecode.c.h; path = SSPopupTitleView.h; sourceTree = "<group>"; };
		00CFB15B1BC617F300030DA7 /* SSPopupTitleView.m */ = {isa = PBXFileReference; fileEncoding = 4; lastKnownFileType = sourcecode.c.objc; path = SSPopupTitleView.m; sourceTree = "<group>"; };
		00CFB1661BC61F7700030DA7 /* SSPopupDefine.h */ = {isa = PBXFileReference; fileEncoding = 4; lastKnownFileType = sourcecode.c.h; path = SSPopupDefine.h; sourceTree = "<group>"; };
		00DC24181BA9473F00A39A73 /* PopupController.app */ = {isa = PBXFileReference; explicitFileType = wrapper.application; includeInIndex = 0; path = PopupController.app; sourceTree = BUILT_PRODUCTS_DIR; };
		00DC241C1BA9473F00A39A73 /* Info.plist */ = {isa = PBXFileReference; lastKnownFileType = text.plist.xml; path = Info.plist; sourceTree = "<group>"; };
		00DC241D1BA9473F00A39A73 /* main.m */ = {isa = PBXFileReference; lastKnownFileType = sourcecode.c.objc; path = main.m; sourceTree = "<group>"; };
		00DC241F1BA9473F00A39A73 /* AppDelegate.h */ = {isa = PBXFileReference; lastKnownFileType = sourcecode.c.h; path = AppDelegate.h; sourceTree = "<group>"; };
		00DC24201BA9473F00A39A73 /* AppDelegate.m */ = {isa = PBXFileReference; lastKnownFileType = sourcecode.c.objc; path = AppDelegate.m; sourceTree = "<group>"; };
		00DC24221BA9473F00A39A73 /* ViewController.h */ = {isa = PBXFileReference; lastKnownFileType = sourcecode.c.h; path = ViewController.h; sourceTree = "<group>"; };
		00DC24231BA9473F00A39A73 /* ViewController.m */ = {isa = PBXFileReference; lastKnownFileType = sourcecode.c.objc; path = ViewController.m; sourceTree = "<group>"; };
		00DC24261BA9473F00A39A73 /* Base */ = {isa = PBXFileReference; lastKnownFileType = file.storyboard; name = Base; path = Base.lproj/Main.storyboard; sourceTree = "<group>"; };
		00DC24281BA9473F00A39A73 /* Images.xcassets */ = {isa = PBXFileReference; lastKnownFileType = folder.assetcatalog; path = Images.xcassets; sourceTree = "<group>"; };
		00DC242B1BA9473F00A39A73 /* Base */ = {isa = PBXFileReference; lastKnownFileType = file.xib; name = Base; path = Base.lproj/LaunchScreen.xib; sourceTree = "<group>"; };
		00DC24311BA9473F00A39A73 /* PopupControllerTests.xctest */ = {isa = PBXFileReference; explicitFileType = wrapper.cfbundle; includeInIndex = 0; path = PopupControllerTests.xctest; sourceTree = BUILT_PRODUCTS_DIR; };
		00DC24361BA9473F00A39A73 /* Info.plist */ = {isa = PBXFileReference; lastKnownFileType = text.plist.xml; path = Info.plist; sourceTree = "<group>"; };
		00DC24371BA9473F00A39A73 /* PopupControllerTests.m */ = {isa = PBXFileReference; lastKnownFileType = sourcecode.c.objc; path = PopupControllerTests.m; sourceTree = "<group>"; };
		0E0C19959F9686F8B9024D57 /* Pods-PopupController.debug.xcconfig */ = {isa = PBXFileReference; includeInIndex = 1; lastKnownFileType = text.xcconfig; name = "Pods-PopupController.debug.xcconfig"; path = "Pods/Target Support Files/Pods-PopupController/Pods-PopupController.debug.xcconfig"; sourceTree = "<group>"; };
		2D1804263F4B4DBD852EA358 /* libPods-PopupController.a */ = {isa = PBXFileReference; explicitFileType = archive.ar; includeInIndex = 0; path = "libPods-PopupController.a"; sourceTree = BUILT_PRODUCTS_DIR; };
		A1B958FA2E8C98C8A6947156 /* Pods-PopupController.release.xcconfig */ = {isa = PBXFileReference; includeInIndex = 1; lastKnownFileType = text.xcconfig; name = "Pods-PopupController.release.xcconfig"; path = "Pods/Target Support Files/Pods-PopupController/Pods-PopupController.release.xcconfig"; sourceTree = "<group>"; };
/* End PBXFileReference section */

/* Begin PBXFrameworksBuildPhase section */
		00DC24151BA9473F00A39A73 /* Frameworks */ = {
			isa = PBXFrameworksBuildPhase;
			buildActionMask = 2147483647;
			files = (
				3EE0CB21FF650F00C78F2913 /* libPods-PopupController.a in Frameworks */,
			);
			runOnlyForDeploymentPostprocessing = 0;
		};
		00DC242E1BA9473F00A39A73 /* Frameworks */ = {
			isa = PBXFrameworksBuildPhase;
			buildActionMask = 2147483647;
			files = (
			);
			runOnlyForDeploymentPostprocessing = 0;
		};
/* End PBXFrameworksBuildPhase section */

/* Begin PBXGroup section */
		00CFB1511BC617F300030DA7 /* SSPopupController */ = {
			isa = PBXGroup;
			children = (
				00CFB1661BC61F7700030DA7 /* SSPopupDefine.h */,
				00CFB1521BC617F300030DA7 /* CNPPopupController */,
				00CFB1551BC617F300030DA7 /* SSPopupController.h */,
				00CFB1561BC617F300030DA7 /* SSPopupController.m */,
				00CFB15A1BC617F300030DA7 /* SSPopupTitleView.h */,
				00CFB15B1BC617F300030DA7 /* SSPopupTitleView.m */,
			);
			path = SSPopupController;
			sourceTree = "<group>";
		};
		00CFB1521BC617F300030DA7 /* CNPPopupController */ = {
			isa = PBXGroup;
			children = (
				00CFB1531BC617F300030DA7 /* CNPPopupController.h */,
				00CFB1541BC617F300030DA7 /* CNPPopupController.m */,
			);
			path = CNPPopupController;
			sourceTree = "<group>";
		};
		00DC240F1BA9473F00A39A73 = {
			isa = PBXGroup;
			children = (
				00DC241A1BA9473F00A39A73 /* PopupController */,
				00DC24341BA9473F00A39A73 /* PopupControllerTests */,
				00DC24191BA9473F00A39A73 /* Products */,
				58258860EF3B640E446E500E /* Pods */,
				4C1DBD6265289AB9339AA360 /* Frameworks */,
			);
			sourceTree = "<group>";
		};
		00DC24191BA9473F00A39A73 /* Products */ = {
			isa = PBXGroup;
			children = (
				00DC24181BA9473F00A39A73 /* PopupController.app */,
				00DC24311BA9473F00A39A73 /* PopupControllerTests.xctest */,
			);
			name = Products;
			sourceTree = "<group>";
		};
		00DC241A1BA9473F00A39A73 /* PopupController */ = {
			isa = PBXGroup;
			children = (
				00CFB1511BC617F300030DA7 /* SSPopupController */,
				00DC241F1BA9473F00A39A73 /* AppDelegate.h */,
				00DC24201BA9473F00A39A73 /* AppDelegate.m */,
				00DC24221BA9473F00A39A73 /* ViewController.h */,
				00DC24231BA9473F00A39A73 /* ViewController.m */,
				00CB684E1BAD1D90008A2D85 /* SharePopupController.h */,
				00CB684F1BAD1D90008A2D85 /* SharePopupController.m */,
				00DC24251BA9473F00A39A73 /* Main.storyboard */,
				00DC24281BA9473F00A39A73 /* Images.xcassets */,
				00DC242A1BA9473F00A39A73 /* LaunchScreen.xib */,
				00DC241B1BA9473F00A39A73 /* Supporting Files */,
			);
			path = PopupController;
			sourceTree = "<group>";
		};
		00DC241B1BA9473F00A39A73 /* Supporting Files */ = {
			isa = PBXGroup;
			children = (
				00DC241C1BA9473F00A39A73 /* Info.plist */,
				00DC241D1BA9473F00A39A73 /* main.m */,
			);
			name = "Supporting Files";
			sourceTree = "<group>";
		};
		00DC24341BA9473F00A39A73 /* PopupControllerTests */ = {
			isa = PBXGroup;
			children = (
				00DC24371BA9473F00A39A73 /* PopupControllerTests.m */,
				00DC24351BA9473F00A39A73 /* Supporting Files */,
			);
			path = PopupControllerTests;
			sourceTree = "<group>";
		};
		00DC24351BA9473F00A39A73 /* Supporting Files */ = {
			isa = PBXGroup;
			children = (
				00DC24361BA9473F00A39A73 /* Info.plist */,
			);
			name = "Supporting Files";
			sourceTree = "<group>";
		};
		4C1DBD6265289AB9339AA360 /* Frameworks */ = {
			isa = PBXGroup;
			children = (
				2D1804263F4B4DBD852EA358 /* libPods-PopupController.a */,
			);
			name = Frameworks;
			sourceTree = "<group>";
		};
		58258860EF3B640E446E500E /* Pods */ = {
			isa = PBXGroup;
			children = (
				0E0C19959F9686F8B9024D57 /* Pods-PopupController.debug.xcconfig */,
				A1B958FA2E8C98C8A6947156 /* Pods-PopupController.release.xcconfig */,
			);
			name = Pods;
			sourceTree = "<group>";
		};
/* End PBXGroup section */

/* Begin PBXNativeTarget section */
		00DC24171BA9473F00A39A73 /* PopupController */ = {
			isa = PBXNativeTarget;
			buildConfigurationList = 00DC243B1BA9473F00A39A73 /* Build configuration list for PBXNativeTarget "PopupController" */;
			buildPhases = (
				519EF6173DC514EA98DA1C0C /* Check Pods Manifest.lock */,
				00DC24141BA9473F00A39A73 /* Sources */,
				00DC24151BA9473F00A39A73 /* Frameworks */,
				00DC24161BA9473F00A39A73 /* Resources */,
				19AA40EC721E38D1305DB873 /* Embed Pods Frameworks */,
				F5166662638A5C474068D24E /* Copy Pods Resources */,
			);
			buildRules = (
			);
			dependencies = (
			);
			name = PopupController;
			productName = PopupController;
			productReference = 00DC24181BA9473F00A39A73 /* PopupController.app */;
			productType = "com.apple.product-type.application";
		};
		00DC24301BA9473F00A39A73 /* PopupControllerTests */ = {
			isa = PBXNativeTarget;
			buildConfigurationList = 00DC243E1BA9473F00A39A73 /* Build configuration list for PBXNativeTarget "PopupControllerTests" */;
			buildPhases = (
				00DC242D1BA9473F00A39A73 /* Sources */,
				00DC242E1BA9473F00A39A73 /* Frameworks */,
				00DC242F1BA9473F00A39A73 /* Resources */,
			);
			buildRules = (
			);
			dependencies = (
				00DC24331BA9473F00A39A73 /* PBXTargetDependency */,
			);
			name = PopupControllerTests;
			productName = PopupControllerTests;
			productReference = 00DC24311BA9473F00A39A73 /* PopupControllerTests.xctest */;
			productType = "com.apple.product-type.bundle.unit-test";
		};
/* End PBXNativeTarget section */

/* Begin PBXProject section */
		00DC24101BA9473F00A39A73 /* Project object */ = {
			isa = PBXProject;
			attributes = {
				LastUpgradeCheck = 0640;
				ORGANIZATIONNAME = "SINOFAKE SINEP";
				TargetAttributes = {
					00DC24171BA9473F00A39A73 = {
						CreatedOnToolsVersion = 6.4;
					};
					00DC24301BA9473F00A39A73 = {
						CreatedOnToolsVersion = 6.4;
						TestTargetID = 00DC24171BA9473F00A39A73;
					};
				};
			};
			buildConfigurationList = 00DC24131BA9473F00A39A73 /* Build configuration list for PBXProject "PopupController" */;
			compatibilityVersion = "Xcode 3.2";
			developmentRegion = English;
			hasScannedForEncodings = 0;
			knownRegions = (
				en,
				Base,
			);
			mainGroup = 00DC240F1BA9473F00A39A73;
			productRefGroup = 00DC24191BA9473F00A39A73 /* Products */;
			projectDirPath = "";
			projectRoot = "";
			targets = (
				00DC24171BA9473F00A39A73 /* PopupController */,
				00DC24301BA9473F00A39A73 /* PopupControllerTests */,
			);
		};
/* End PBXProject section */

/* Begin PBXResourcesBuildPhase section */
		00DC24161BA9473F00A39A73 /* Resources */ = {
			isa = PBXResourcesBuildPhase;
			buildActionMask = 2147483647;
			files = (
				00DC24271BA9473F00A39A73 /* Main.storyboard in Resources */,
				00DC242C1BA9473F00A39A73 /* LaunchScreen.xib in Resources */,
				00DC24291BA9473F00A39A73 /* Images.xcassets in Resources */,
			);
			runOnlyForDeploymentPostprocessing = 0;
		};
		00DC242F1BA9473F00A39A73 /* Resources */ = {
			isa = PBXResourcesBuildPhase;
			buildActionMask = 2147483647;
			files = (
			);
			runOnlyForDeploymentPostprocessing = 0;
		};
/* End PBXResourcesBuildPhase section */

/* Begin PBXShellScriptBuildPhase section */
		19AA40EC721E38D1305DB873 /* Embed Pods Frameworks */ = {
			isa = PBXShellScriptBuildPhase;
			buildActionMask = 2147483647;
			files = (
			);
			inputPaths = (
			);
			name = "Embed Pods Frameworks";
			outputPaths = (
			);
			runOnlyForDeploymentPostprocessing = 0;
			shellPath = /bin/sh;
			shellScript = "\"${SRCROOT}/Pods/Target Support Files/Pods-PopupController/Pods-PopupController-frameworks.sh\"\n";
			showEnvVarsInLog = 0;
		};
		519EF6173DC514EA98DA1C0C /* Check Pods Manifest.lock */ = {
			isa = PBXShellScriptBuildPhase;
			buildActionMask = 2147483647;
			files = (
			);
			inputPaths = (
			);
			name = "Check Pods Manifest.lock";
			outputPaths = (
			);
			runOnlyForDeploymentPostprocessing = 0;
			shellPath = /bin/sh;
			shellScript = "diff \"${PODS_ROOT}/../Podfile.lock\" \"${PODS_ROOT}/Manifest.lock\" > /dev/null\nif [[ $? != 0 ]] ; then\n    cat << EOM\nerror: The sandbox is not in sync with the Podfile.lock. Run 'pod install' or update your CocoaPods installation.\nEOM\n    exit 1\nfi\n";
			showEnvVarsInLog = 0;
		};
		F5166662638A5C474068D24E /* Copy Pods Resources */ = {
			isa = PBXShellScriptBuildPhase;
			buildActionMask = 2147483647;
			files = (
			);
			inputPaths = (
			);
			name = "Copy Pods Resources";
			outputPaths = (
			);
			runOnlyForDeploymentPostprocessing = 0;
			shellPath = /bin/sh;
			shellScript = "\"${SRCROOT}/Pods/Target Support Files/Pods-PopupController/Pods-PopupController-resources.sh\"\n";
			showEnvVarsInLog = 0;
		};
/* End PBXShellScriptBuildPhase section */

/* Begin PBXSourcesBuildPhase section */
		00DC24141BA9473F00A39A73 /* Sources */ = {
			isa = PBXSourcesBuildPhase;
			buildActionMask = 2147483647;
			files = (
				00DC24241BA9473F00A39A73 /* ViewController.m in Sources */,
				00CFB1601BC617F300030DA7 /* CNPPopupController.m in Sources */,
				00CFB1611BC617F300030DA7 /* SSPopupController.m in Sources */,
				00DC24211BA9473F00A39A73 /* AppDelegate.m in Sources */,
				00DC241E1BA9473F00A39A73 /* main.m in Sources */,
				00CFB1631BC617F300030DA7 /* SSPopupTitleView.m in Sources */,
				00CB68501BAD1D90008A2D85 /* SharePopupController.m in Sources */,
			);
			runOnlyForDeploymentPostprocessing = 0;
		};
		00DC242D1BA9473F00A39A73 /* Sources */ = {
			isa = PBXSourcesBuildPhase;
			buildActionMask = 2147483647;
			files = (
				00DC24381BA9473F00A39A73 /* PopupControllerTests.m in Sources */,
			);
			runOnlyForDeploymentPostprocessing = 0;
		};
/* End PBXSourcesBuildPhase section */

/* Begin PBXTargetDependency section */
		00DC24331BA9473F00A39A73 /* PBXTargetDependency */ = {
			isa = PBXTargetDependency;
			target = 00DC24171BA9473F00A39A73 /* PopupController */;
			targetProxy = 00DC24321BA9473F00A39A73 /* PBXContainerItemProxy */;
		};
/* End PBXTargetDependency section */

/* Begin PBXVariantGroup section */
		00DC24251BA9473F00A39A73 /* Main.storyboard */ = {
			isa = PBXVariantGroup;
			children = (
				00DC24261BA9473F00A39A73 /* Base */,
			);
			name = Main.storyboard;
			sourceTree = "<group>";
		};
		00DC242A1BA9473F00A39A73 /* LaunchScreen.xib */ = {
			isa = PBXVariantGroup;
			children = (
				00DC242B1BA9473F00A39A73 /* Base */,
			);
			name = LaunchScreen.xib;
			sourceTree = "<group>";
		};
/* End PBXVariantGroup section */

/* Begin XCBuildConfiguration section */
		00DC24391BA9473F00A39A73 /* Debug */ = {
			isa = XCBuildConfiguration;
			buildSettings = {
				ALWAYS_SEARCH_USER_PATHS = NO;
				CLANG_CXX_LANGUAGE_STANDARD = "gnu++0x";
				CLANG_CXX_LIBRARY = "libc++";
				CLANG_ENABLE_MODULES = YES;
				CLANG_ENABLE_OBJC_ARC = YES;
				CLANG_WARN_BOOL_CONVERSION = YES;
				CLANG_WARN_CONSTANT_CONVERSION = YES;
				CLANG_WARN_DIRECT_OBJC_ISA_USAGE = YES_ERROR;
				CLANG_WARN_EMPTY_BODY = YES;
				CLANG_WARN_ENUM_CONVERSION = YES;
				CLANG_WARN_INT_CONVERSION = YES;
				CLANG_WARN_OBJC_ROOT_CLASS = YES_ERROR;
				CLANG_WARN_UNREACHABLE_CODE = YES;
				CLANG_WARN__DUPLICATE_METHOD_MATCH = YES;
				"CODE_SIGN_IDENTITY[sdk=iphoneos*]" = "iPhone Developer";
				COPY_PHASE_STRIP = NO;
				DEBUG_INFORMATION_FORMAT = "dwarf-with-dsym";
				ENABLE_STRICT_OBJC_MSGSEND = YES;
				GCC_C_LANGUAGE_STANDARD = gnu99;
				GCC_DYNAMIC_NO_PIC = NO;
				GCC_NO_COMMON_BLOCKS = YES;
				GCC_OPTIMIZATION_LEVEL = 0;
				GCC_PREPROCESSOR_DEFINITIONS = (
					"DEBUG=1",
					"$(inherited)",
				);
				GCC_SYMBOLS_PRIVATE_EXTERN = NO;
				GCC_WARN_64_TO_32_BIT_CONVERSION = YES;
				GCC_WARN_ABOUT_RETURN_TYPE = YES_ERROR;
				GCC_WARN_UNDECLARED_SELECTOR = YES;
				GCC_WARN_UNINITIALIZED_AUTOS = YES_AGGRESSIVE;
				GCC_WARN_UNUSED_FUNCTION = YES;
				GCC_WARN_UNUSED_VARIABLE = YES;
				IPHONEOS_DEPLOYMENT_TARGET = 7.0;
				MTL_ENABLE_DEBUG_INFO = YES;
				ONLY_ACTIVE_ARCH = YES;
				SDKROOT = iphoneos;
			};
			name = Debug;
		};
		00DC243A1BA9473F00A39A73 /* Release */ = {
			isa = XCBuildConfiguration;
			buildSettings = {
				ALWAYS_SEARCH_USER_PATHS = NO;
				CLANG_CXX_LANGUAGE_STANDARD = "gnu++0x";
				CLANG_CXX_LIBRARY = "libc++";
				CLANG_ENABLE_MODULES = YES;
				CLANG_ENABLE_OBJC_ARC = YES;
				CLANG_WARN_BOOL_CONVERSION = YES;
				CLANG_WARN_CONSTANT_CONVERSION = YES;
				CLANG_WARN_DIRECT_OBJC_ISA_USAGE = YES_ERROR;
				CLANG_WARN_EMPTY_BODY = YES;
				CLANG_WARN_ENUM_CONVERSION = YES;
				CLANG_WARN_INT_CONVERSION = YES;
				CLANG_WARN_OBJC_ROOT_CLASS = YES_ERROR;
				CLANG_WARN_UNREACHABLE_CODE = YES;
				CLANG_WARN__DUPLICATE_METHOD_MATCH = YES;
				"CODE_SIGN_IDENTITY[sdk=iphoneos*]" = "iPhone Developer";
				COPY_PHASE_STRIP = NO;
				DEBUG_INFORMATION_FORMAT = "dwarf-with-dsym";
				ENABLE_NS_ASSERTIONS = NO;
				ENABLE_STRICT_OBJC_MSGSEND = YES;
				GCC_C_LANGUAGE_STANDARD = gnu99;
				GCC_NO_COMMON_BLOCKS = YES;
				GCC_WARN_64_TO_32_BIT_CONVERSION = YES;
				GCC_WARN_ABOUT_RETURN_TYPE = YES_ERROR;
				GCC_WARN_UNDECLARED_SELECTOR = YES;
				GCC_WARN_UNINITIALIZED_AUTOS = YES_AGGRESSIVE;
				GCC_WARN_UNUSED_FUNCTION = YES;
				GCC_WARN_UNUSED_VARIABLE = YES;
				IPHONEOS_DEPLOYMENT_TARGET = 7.0;
				MTL_ENABLE_DEBUG_INFO = NO;
				SDKROOT = iphoneos;
				VALIDATE_PRODUCT = YES;
			};
			name = Release;
		};
		00DC243C1BA9473F00A39A73 /* Debug */ = {
			isa = XCBuildConfiguration;
			baseConfigurationReference = 0E0C19959F9686F8B9024D57 /* Pods-PopupController.debug.xcconfig */;
			buildSettings = {
				ASSETCATALOG_COMPILER_APPICON_NAME = AppIcon;
				CODE_SIGN_IDENTITY = "iPhone Developer";
				"CODE_SIGN_IDENTITY[sdk=iphoneos*]" = "iPhone Developer";
				INFOPLIST_FILE = PopupController/Info.plist;
				LD_RUNPATH_SEARCH_PATHS = "$(inherited) @executable_path/Frameworks";
				PRODUCT_NAME = "$(TARGET_NAME)";
			};
			name = Debug;
		};
		00DC243D1BA9473F00A39A73 /* Release */ = {
			isa = XCBuildConfiguration;
			baseConfigurationReference = A1B958FA2E8C98C8A6947156 /* Pods-PopupController.release.xcconfig */;
			buildSettings = {
				ASSETCATALOG_COMPILER_APPICON_NAME = AppIcon;
				CODE_SIGN_IDENTITY = "iPhone Developer";
				"CODE_SIGN_IDENTITY[sdk=iphoneos*]" = "iPhone Developer";
				INFOPLIST_FILE = PopupController/Info.plist;
				LD_RUNPATH_SEARCH_PATHS = "$(inherited) @executable_path/Frameworks";
				PRODUCT_NAME = "$(TARGET_NAME)";
			};
			name = Release;
		};
		00DC243F1BA9473F00A39A73 /* Debug */ = {
			isa = XCBuildConfiguration;
			buildSettings = {
				BUNDLE_LOADER = "$(TEST_HOST)";
				FRAMEWORK_SEARCH_PATHS = (
					"$(SDKROOT)/Developer/Library/Frameworks",
					"$(inherited)",
				);
				GCC_PREPROCESSOR_DEFINITIONS = (
					"DEBUG=1",
					"$(inherited)",
				);
				INFOPLIST_FILE = PopupControllerTests/Info.plist;
				LD_RUNPATH_SEARCH_PATHS = "$(inherited) @executable_path/Frameworks @loader_path/Frameworks";
				PRODUCT_NAME = "$(TARGET_NAME)";
				TEST_HOST = "$(BUILT_PRODUCTS_DIR)/PopupController.app/PopupController";
			};
			name = Debug;
		};
		00DC24401BA9473F00A39A73 /* Release */ = {
			isa = XCBuildConfiguration;
			buildSettings = {
				BUNDLE_LOADER = "$(TEST_HOST)";
				FRAMEWORK_SEARCH_PATHS = (
					"$(SDKROOT)/Developer/Library/Frameworks",
					"$(inherited)",
				);
				INFOPLIST_FILE = PopupControllerTests/Info.plist;
				LD_RUNPATH_SEARCH_PATHS = "$(inherited) @executable_path/Frameworks @loader_path/Frameworks";
				PRODUCT_NAME = "$(TARGET_NAME)";
				TEST_HOST = "$(BUILT_PRODUCTS_DIR)/PopupController.app/PopupController";
			};
			name = Release;
		};
/* End XCBuildConfiguration section */

/* Begin XCConfigurationList section */
		00DC24131BA9473F00A39A73 /* Build configuration list for PBXProject "PopupController" */ = {
			isa = XCConfigurationList;
			buildConfigurations = (
				00DC24391BA9473F00A39A73 /* Debug */,
				00DC243A1BA9473F00A39A73 /* Release */,
			);
			defaultConfigurationIsVisible = 0;
			defaultConfigurationName = Release;
		};
		00DC243B1BA9473F00A39A73 /* Build configuration list for PBXNativeTarget "PopupController" */ = {
			isa = XCConfigurationList;
			buildConfigurations = (
				00DC243C1BA9473F00A39A73 /* Debug */,
				00DC243D1BA9473F00A39A73 /* Release */,
			);
			defaultConfigurationIsVisible = 0;
			defaultConfigurationName = Release;
		};
		00DC243E1BA9473F00A39A73 /* Build configuration list for PBXNativeTarget "PopupControllerTests" */ = {
			isa = XCConfigurationList;
			buildConfigurations = (
				00DC243F1BA9473F00A39A73 /* Debug */,
				00DC24401BA9473F00A39A73 /* Release */,
			);
			defaultConfigurationIsVisible = 0;
			defaultConfigurationName = Release;
		};
/* End XCConfigurationList section */
	};
	rootObject = 00DC24101BA9473F00A39A73 /* Project object */;
}
